
Microsoft Visual Studio Solution File, Format Version 12.00
# Visual Studio 15
VisualStudioVersion = 15.0.27428.2037
MinimumVisualStudioVersion = 10.0.40219.1
Project("{059D6162-CD51-11D0-AE1F-00A0C90FFFC3}") = "UdpRecv", "UdpRecv.vcxproj", "{F2D8D3A7-8CD0-4F7A-87A4-B296B9E008D8}"
EndProject
Global
	GlobalSection(SolutionProperties) = preSolution
		HideSolutionNode = FALSE
	EndGlobalSection
	GlobalSection(ExtensibilityGlobals) = postSolution
		SolutionGuid = {E57166A1-0212-46B6-B557-CB299E18F9BD}
	EndGlobalSection
EndGlobal
